
Microsoft Visual Studio Solution File, Format Version 12.00
# Visual Studio Version 17
VisualStudioVersion = 17.0.31903.59
MinimumVisualStudioVersion = 10.0.40219.1
Project("{2150E333-8FDC-42A3-9474-1A3956D46DE8}") = "src", "src", "{827E0CD3-B72D-47B6-A68D-7590B98EB39B}"
EndProject
Project("{FAE04EC0-301F-11D3-BF4B-00C04F79EFBC}") = "EquifaxEnrichmentAPI.Domain", "src\EquifaxEnrichmentAPI.Domain\EquifaxEnrichmentAPI.Domain.csproj", "{CC3900E4-87C0-454E-9EF6-47A497D2A7A1}"
EndProject
Project("{FAE04EC0-301F-11D3-BF4B-00C04F79EFBC}") = "EquifaxEnrichmentAPI.Application", "src\EquifaxEnrichmentAPI.Application\EquifaxEnrichmentAPI.Application.csproj", "{4A7AB492-B424-4B7D-82ED-AE81F521A41F}"
EndProject
Project("{FAE04EC0-301F-11D3-BF4B-00C04F79EFBC}") = "EquifaxEnrichmentAPI.Infrastructure", "src\EquifaxEnrichmentAPI.Infrastructure\EquifaxEnrichmentAPI.Infrastructure.csproj", "{64C8F8F5-6E66-441C-9BEC-6ABF64FFE37F}"
EndProject
Project("{FAE04EC0-301F-11D3-BF4B-00C04F79EFBC}") = "EquifaxEnrichmentAPI.Api", "src\EquifaxEnrichmentAPI.Api\EquifaxEnrichmentAPI.Api.csproj", "{2507A6EE-4C9D-4E7D-A205-553C3C81AAC9}"
EndProject
Project("{2150E333-8FDC-42A3-9474-1A3956D46DE8}") = "tests", "tests", "{0AB3BF05-4346-4AA6-1389-037BE0695223}"
EndProject
Project("{FAE04EC0-301F-11D3-BF4B-00C04F79EFBC}") = "EquifaxEnrichmentAPI.Tests.Unit", "tests\EquifaxEnrichmentAPI.Tests.Unit\EquifaxEnrichmentAPI.Tests.Unit.csproj", "{CF5EC817-0E4A-4A72-B2DF-1208CE600FC7}"
EndProject
Project("{FAE04EC0-301F-11D3-BF4B-00C04F79EFBC}") = "EquifaxEnrichmentAPI.Tests.Integration", "tests\EquifaxEnrichmentAPI.Tests.Integration\EquifaxEnrichmentAPI.Tests.Integration.csproj", "{EC7A8BC3-5F87-4C36-8E47-B91F80A0CC90}"
EndProject
Global
	GlobalSection(SolutionConfigurationPlatforms) = preSolution
		Debug|Any CPU = Debug|Any CPU
		Debug|x64 = Debug|x64
		Debug|x86 = Debug|x86
		Release|Any CPU = Release|Any CPU
		Release|x64 = Release|x64
		Release|x86 = Release|x86
	EndGlobalSection
	GlobalSection(ProjectConfigurationPlatforms) = postSolution
		{CC3900E4-87C0-454E-9EF6-47A497D2A7A1}.Debug|Any CPU.ActiveCfg = Debug|Any CPU
		{CC3900E4-87C0-454E-9EF6-47A497D2A7A1}.Debug|Any CPU.Build.0 = Debug|Any CPU
		{CC3900E4-87C0-454E-9EF6-47A497D2A7A1}.Debug|x64.ActiveCfg = Debug|Any CPU
		{CC3900E4-87C0-454E-9EF6-47A497D2A7A1}.Debug|x64.Build.0 = Debug|Any CPU
		{CC3900E4-87C0-454E-9EF6-47A497D2A7A1}.Debug|x86.ActiveCfg = Debug|Any CPU
		{CC3900E4-87C0-454E-9EF6-47A497D2A7A1}.Debug|x86.Build.0 = Debug|Any CPU
		{CC3900E4-87C0-454E-9EF6-47A497D2A7A1}.Release|Any CPU.ActiveCfg = Release|Any CPU
		{CC3900E4-87C0-454E-9EF6-47A497D2A7A1}.Release|Any CPU.Build.0 = Release|Any CPU
		{CC3900E4-87C0-454E-9EF6-47A497D2A7A1}.Release|x64.ActiveCfg = Release|Any CPU
		{CC3900E4-87C0-454E-9EF6-47A497D2A7A1}.Release|x64.Build.0 = Release|Any CPU
		{CC3900E4-87C0-454E-9EF6-47A497D2A7A1}.Release|x86.ActiveCfg = Release|Any CPU
		{CC3900E4-87C0-454E-9EF6-47A497D2A7A1}.Release|x86.Build.0 = Release|Any CPU
		{4A7AB492-B424-4B7D-82ED-AE81F521A41F}.Debug|Any CPU.ActiveCfg = Debug|Any CPU
		{4A7AB492-B424-4B7D-82ED-AE81F521A41F}.Debug|Any CPU.Build.0 = Debug|Any CPU
		{4A7AB492-B424-4B7D-82ED-AE81F521A41F}.Debug|x64.ActiveCfg = Debug|Any CPU
		{4A7AB492-B424-4B7D-82ED-AE81F521A41F}.Debug|x64.Build.0 = Debug|Any CPU
		{4A7AB492-B424-4B7D-82ED-AE81F521A41F}.Debug|x86.ActiveCfg = Debug|Any CPU
		{4A7AB492-B424-4B7D-82ED-AE81F521A41F}.Debug|x86.Build.0 = Debug|Any CPU
		{4A7AB492-B424-4B7D-82ED-AE81F521A41F}.Release|Any CPU.ActiveCfg = Release|Any CPU
		{4A7AB492-B424-4B7D-82ED-AE81F521A41F}.Release|Any CPU.Build.0 = Release|Any CPU
		{4A7AB492-B424-4B7D-82ED-AE81F521A41F}.Release|x64.ActiveCfg = Release|Any CPU
		{4A7AB492-B424-4B7D-82ED-AE81F521A41F}.Release|x64.Build.0 = Release|Any CPU
		{4A7AB492-B424-4B7D-82ED-AE81F521A41F}.Release|x86.ActiveCfg = Release|Any CPU
		{4A7AB492-B424-4B7D-82ED-AE81F521A41F}.Release|x86.Build.0 = Release|Any CPU
		{64C8F8F5-6E66-441C-9BEC-6ABF64FFE37F}.Debug|Any CPU.ActiveCfg = Debug|Any CPU
		{64C8F8F5-6E66-441C-9BEC-6ABF64FFE37F}.Debug|Any CPU.Build.0 = Debug|Any CPU
		{64C8F8F5-6E66-441C-9BEC-6ABF64FFE37F}.Debug|x64.ActiveCfg = Debug|Any CPU
		{64C8F8F5-6E66-441C-9BEC-6ABF64FFE37F}.Debug|x64.Build.0 = Debug|Any CPU
		{64C8F8F5-6E66-441C-9BEC-6ABF64FFE37F}.Debug|x86.ActiveCfg = Debug|Any CPU
		{64C8F8F5-6E66-441C-9BEC-6ABF64FFE37F}.Debug|x86.Build.0 = Debug|Any CPU
		{64C8F8F5-6E66-441C-9BEC-6ABF64FFE37F}.Release|Any CPU.ActiveCfg = Release|Any CPU
		{64C8F8F5-6E66-441C-9BEC-6ABF64FFE37F}.Release|Any CPU.Build.0 = Release|Any CPU
		{64C8F8F5-6E66-441C-9BEC-6ABF64FFE37F}.Release|x64.ActiveCfg = Release|Any CPU
		{64C8F8F5-6E66-441C-9BEC-6ABF64FFE37F}.Release|x64.Build.0 = Release|Any CPU
		{64C8F8F5-6E66-441C-9BEC-6ABF64FFE37F}.Release|x86.ActiveCfg = Release|Any CPU
		{64C8F8F5-6E66-441C-9BEC-6ABF64FFE37F}.Release|x86.Build.0 = Release|Any CPU
		{2507A6EE-4C9D-4E7D-A205-553C3C81AAC9}.Debug|Any CPU.ActiveCfg = Debug|Any CPU
		{2507A6EE-4C9D-4E7D-A205-553C3C81AAC9}.Debug|Any CPU.Build.0 = Debug|Any CPU
		{2507A6EE-4C9D-4E7D-A205-553C3C81AAC9}.Debug|x64.ActiveCfg = Debug|Any CPU
		{2507A6EE-4C9D-4E7D-A205-553C3C81AAC9}.Debug|x64.Build.0 = Debug|Any CPU
		{2507A6EE-4C9D-4E7D-A205-553C3C81AAC9}.Debug|x86.ActiveCfg = Debug|Any CPU
		{2507A6EE-4C9D-4E7D-A205-553C3C81AAC9}.Debug|x86.Build.0 = Debug|Any CPU
		{2507A6EE-4C9D-4E7D-A205-553C3C81AAC9}.Release|Any CPU.ActiveCfg = Release|Any CPU
		{2507A6EE-4C9D-4E7D-A205-553C3C81AAC9}.Release|Any CPU.Build.0 = Release|Any CPU
		{2507A6EE-4C9D-4E7D-A205-553C3C81AAC9}.Release|x64.ActiveCfg = Release|Any CPU
		{2507A6EE-4C9D-4E7D-A205-553C3C81AAC9}.Release|x64.Build.0 = Release|Any CPU
		{2507A6EE-4C9D-4E7D-A205-553C3C81AAC9}.Release|x86.ActiveCfg = Release|Any CPU
		{2507A6EE-4C9D-4E7D-A205-553C3C81AAC9}.Release|x86.Build.0 = Release|Any CPU
		{CF5EC817-0E4A-4A72-B2DF-1208CE600FC7}.Debug|Any CPU.ActiveCfg = Debug|Any CPU
		{CF5EC817-0E4A-4A72-B2DF-1208CE600FC7}.Debug|Any CPU.Build.0 = Debug|Any CPU
		{CF5EC817-0E4A-4A72-B2DF-1208CE600FC7}.Debug|x64.ActiveCfg = Debug|Any CPU
		{CF5EC817-0E4A-4A72-B2DF-1208CE600FC7}.Debug|x64.Build.0 = Debug|Any CPU
		{CF5EC817-0E4A-4A72-B2DF-1208CE600FC7}.Debug|x86.ActiveCfg = Debug|Any CPU
		{CF5EC817-0E4A-4A72-B2DF-1208CE600FC7}.Debug|x86.Build.0 = Debug|Any CPU
		{CF5EC817-0E4A-4A72-B2DF-1208CE600FC7}.Release|Any CPU.ActiveCfg = Release|Any CPU
		{CF5EC817-0E4A-4A72-B2DF-1208CE600FC7}.Release|Any CPU.Build.0 = Release|Any CPU
		{CF5EC817-0E4A-4A72-B2DF-1208CE600FC7}.Release|x64.ActiveCfg = Release|Any CPU
		{CF5EC817-0E4A-4A72-B2DF-1208CE600FC7}.Release|x64.Build.0 = Release|Any CPU
		{CF5EC817-0E4A-4A72-B2DF-1208CE600FC7}.Release|x86.ActiveCfg = Release|Any CPU
		{CF5EC817-0E4A-4A72-B2DF-1208CE600FC7}.Release|x86.Build.0 = Release|Any CPU
		{EC7A8BC3-5F87-4C36-8E47-B91F80A0CC90}.Debug|Any CPU.ActiveCfg = Debug|Any CPU
		{EC7A8BC3-5F87-4C36-8E47-B91F80A0CC90}.Debug|Any CPU.Build.0 = Debug|Any CPU
		{EC7A8BC3-5F87-4C36-8E47-B91F80A0CC90}.Debug|x64.ActiveCfg = Debug|Any CPU
		{EC7A8BC3-5F87-4C36-8E47-B91F80A0CC90}.Debug|x64.Build.0 = Debug|Any CPU
		{EC7A8BC3-5F87-4C36-8E47-B91F80A0CC90}.Debug|x86.ActiveCfg = Debug|Any CPU
		{EC7A8BC3-5F87-4C36-8E47-B91F80A0CC90}.Debug|x86.Build.0 = Debug|Any CPU
		{EC7A8BC3-5F87-4C36-8E47-B91F80A0CC90}.Release|Any CPU.ActiveCfg = Release|Any CPU
		{EC7A8BC3-5F87-4C36-8E47-B91F80A0CC90}.Release|Any CPU.Build.0 = Release|Any CPU
		{EC7A8BC3-5F87-4C36-8E47-B91F80A0CC90}.Release|x64.ActiveCfg = Release|Any CPU
		{EC7A8BC3-5F87-4C36-8E47-B91F80A0CC90}.Release|x64.Build.0 = Release|Any CPU
		{EC7A8BC3-5F87-4C36-8E47-B91F80A0CC90}.Release|x86.ActiveCfg = Release|Any CPU
		{EC7A8BC3-5F87-4C36-8E47-B91F80A0CC90}.Release|x86.Build.0 = Release|Any CPU
	EndGlobalSection
	GlobalSection(SolutionProperties) = preSolution
		HideSolutionNode = FALSE
	EndGlobalSection
	GlobalSection(NestedProjects) = preSolution
		{CC3900E4-87C0-454E-9EF6-47A497D2A7A1} = {827E0CD3-B72D-47B6-A68D-7590B98EB39B}
		{4A7AB492-B424-4B7D-82ED-AE81F521A41F} = {827E0CD3-B72D-47B6-A68D-7590B98EB39B}
		{64C8F8F5-6E66-441C-9BEC-6ABF64FFE37F} = {827E0CD3-B72D-47B6-A68D-7590B98EB39B}
		{2507A6EE-4C9D-4E7D-A205-553C3C81AAC9} = {827E0CD3-B72D-47B6-A68D-7590B98EB39B}
		{CF5EC817-0E4A-4A72-B2DF-1208CE600FC7} = {0AB3BF05-4346-4AA6-1389-037BE0695223}
		{EC7A8BC3-5F87-4C36-8E47-B91F80A0CC90} = {0AB3BF05-4346-4AA6-1389-037BE0695223}
	EndGlobalSection
EndGlobal
